
Microsoft Visual Studio Solution File, Format Version 12.00
# Visual Studio 15
VisualStudioVersion = 15.0.27110.0
MinimumVisualStudioVersion = 10.0.40219.1
Project("{FAE04EC0-301F-11D3-BF4B-00C04F79EFBC}") = "HttpToDurable", "HttpToDurable\HttpToDurable.csproj", "{9BE5EE3D-6B77-49D2-B1BE-BE15F4CDFF93}"
EndProject
Project("{FAE04EC0-301F-11D3-BF4B-00C04F79EFBC}") = "QueueFunction", "QueueFunction\QueueFunction.csproj", "{B4D93053-8ADF-47E4-BD7A-63B1C0170951}"
EndProject
Project("{9A19103F-16F7-4668-BE54-9A1E7A4F7556}") = "HttpToQueueWebhook", "HttpToQueue\HttpToQueueWebhook.csproj", "{6954ED73-1AE3-44D6-A8BB-15952B4DF0BF}"
EndProject
Global
	GlobalSection(SolutionConfigurationPlatforms) = preSolution
		Debug|Any CPU = Debug|Any CPU
		Release|Any CPU = Release|Any CPU
	EndGlobalSection
	GlobalSection(ProjectConfigurationPlatforms) = postSolution
		{9BE5EE3D-6B77-49D2-B1BE-BE15F4CDFF93}.Debug|Any CPU.ActiveCfg = Debug|Any CPU
		{9BE5EE3D-6B77-49D2-B1BE-BE15F4CDFF93}.Debug|Any CPU.Build.0 = Debug|Any CPU
		{9BE5EE3D-6B77-49D2-B1BE-BE15F4CDFF93}.Release|Any CPU.ActiveCfg = Release|Any CPU
		{9BE5EE3D-6B77-49D2-B1BE-BE15F4CDFF93}.Release|Any CPU.Build.0 = Release|Any CPU
		{B4D93053-8ADF-47E4-BD7A-63B1C0170951}.Debug|Any CPU.ActiveCfg = Debug|Any CPU
		{B4D93053-8ADF-47E4-BD7A-63B1C0170951}.Debug|Any CPU.Build.0 = Debug|Any CPU
		{B4D93053-8ADF-47E4-BD7A-63B1C0170951}.Release|Any CPU.ActiveCfg = Release|Any CPU
		{B4D93053-8ADF-47E4-BD7A-63B1C0170951}.Release|Any CPU.Build.0 = Release|Any CPU
		{6954ED73-1AE3-44D6-A8BB-15952B4DF0BF}.Debug|Any CPU.ActiveCfg = Debug|Any CPU
		{6954ED73-1AE3-44D6-A8BB-15952B4DF0BF}.Debug|Any CPU.Build.0 = Debug|Any CPU
		{6954ED73-1AE3-44D6-A8BB-15952B4DF0BF}.Release|Any CPU.ActiveCfg = Release|Any CPU
		{6954ED73-1AE3-44D6-A8BB-15952B4DF0BF}.Release|Any CPU.Build.0 = Release|Any CPU
	EndGlobalSection
	GlobalSection(SolutionProperties) = preSolution
		HideSolutionNode = FALSE
	EndGlobalSection
	GlobalSection(ExtensibilityGlobals) = postSolution
		SolutionGuid = {522A0C2F-A230-486C-B4BF-926802CF2486}
	EndGlobalSection
EndGlobal
